
Microsoft Visual Studio Solution File, Format Version 12.00
# Visual Studio Version 17
VisualStudioVersion = 17.6.33815.320
MinimumVisualStudioVersion = 10.0.40219.1
Project("{FAE04EC0-301F-11D3-BF4B-00C04F79EFBC}") = "TestTask3", "TestTask3.csproj", "{0A82EA7C-6E7A-42D2-AA7F-4CEB62256BC2}"
EndProject
Global
	GlobalSection(SolutionConfigurationPlatforms) = preSolution
		Debug|Any CPU = Debug|Any CPU
		Release|Any CPU = Release|Any CPU
	EndGlobalSection
	GlobalSection(ProjectConfigurationPlatforms) = postSolution
		{0A82EA7C-6E7A-42D2-AA7F-4CEB62256BC2}.Debug|Any CPU.ActiveCfg = Debug|Any CPU
		{0A82EA7C-6E7A-42D2-AA7F-4CEB62256BC2}.Debug|Any CPU.Build.0 = Debug|Any CPU
		{0A82EA7C-6E7A-42D2-AA7F-4CEB62256BC2}.Release|Any CPU.ActiveCfg = Release|Any CPU
		{0A82EA7C-6E7A-42D2-AA7F-4CEB62256BC2}.Release|Any CPU.Build.0 = Release|Any CPU
	EndGlobalSection
	GlobalSection(SolutionProperties) = preSolution
		HideSolutionNode = FALSE
	EndGlobalSection
	GlobalSection(ExtensibilityGlobals) = postSolution
		SolutionGuid = {9DE9A285-0421-4FF8-BCF5-80C294043E55}
	EndGlobalSection
EndGlobal
